
Microsoft Visual Studio Solution File, Format Version 12.00
# Visual Studio Version 16
VisualStudioVersion = 16.0.32630.194
MinimumVisualStudioVersion = 10.0.40219.1
Project("{FAE04EC0-301F-11D3-BF4B-00C04F79EFBC}") = "MVCProject", "MVCProject\MVCProject.csproj", "{AFE26CB9-9842-40E4-9586-45C803E00A10}"
EndProject
Global
	GlobalSection(SolutionConfigurationPlatforms) = preSolution
		Debug|Any CPU = Debug|Any CPU
		Release|Any CPU = Release|Any CPU
	EndGlobalSection
	GlobalSection(ProjectConfigurationPlatforms) = postSolution
		{AFE26CB9-9842-40E4-9586-45C803E00A10}.Debug|Any CPU.ActiveCfg = Debug|Any CPU
		{AFE26CB9-9842-40E4-9586-45C803E00A10}.Debug|Any CPU.Build.0 = Debug|Any CPU
		{AFE26CB9-9842-40E4-9586-45C803E00A10}.Release|Any CPU.ActiveCfg = Release|Any CPU
		{AFE26CB9-9842-40E4-9586-45C803E00A10}.Release|Any CPU.Build.0 = Release|Any CPU
	EndGlobalSection
	GlobalSection(SolutionProperties) = preSolution
		HideSolutionNode = FALSE
	EndGlobalSection
	GlobalSection(ExtensibilityGlobals) = postSolution
		SolutionGuid = {FFAAC935-A559-4D66-A748-80D62847BBDF}
	EndGlobalSection
EndGlobal
